{
    "_meta": {
        "hash": {
            "sha256": "72c02ee762c93c7b4992576031c7a51c666c3c531d76fed1ce47f103e48efef1"
        },
        "pipfile-spec": 6,
        "requires": {
            "python_version": "2.7"
        },
        "sources": [
            {
                "name": "pypi",
                "url": "https://pypi.python.org/simple",
                "verify_ssl": true
            }
        ]
    },
    "default": {
        "7d08736": {
            "file": "https://github.com/kpu/kenlm/archive/master.zip"
        }
    },
    "develop": {}
}
